// !$*UTF8*$!
{
	archiveVersion = 1;
	classes = {
	};
	objectVersion = 55;
	objects = {

/* Begin PBXBuildFile section */
		E527625D27B91AF900E5E91A /* TabBarController.swift in Sources */ = {isa = PBXBuildFile; fileRef = E527625C27B91AF900E5E91A /* TabBarController.swift */; };
		E527626127B92B5700E5E91A /* mainView.swift in Sources */ = {isa = PBXBuildFile; fileRef = E527626027B92B5700E5E91A /* mainView.swift */; };
		E54AF0EE27B3F191000DEEB9 /* UserListViewController.swift in Sources */ = {isa = PBXBuildFile; fileRef = E54AF0ED27B3F191000DEEB9 /* UserListViewController.swift */; };
		E54AF0F127B3F29E000DEEB9 /* UserListCell.swift in Sources */ = {isa = PBXBuildFile; fileRef = E54AF0EF27B3F29E000DEEB9 /* UserListCell.swift */; };
		E54AF0F527B3FFB1000DEEB9 /* Kingfisher in Frameworks */ = {isa = PBXBuildFile; productRef = E54AF0F427B3FFB1000DEEB9 /* Kingfisher */; };
		E54AF0F827B402A6000DEEB9 /* UserDetailViewController.swift in Sources */ = {isa = PBXBuildFile; fileRef = E54AF0F727B402A6000DEEB9 /* UserDetailViewController.swift */; };
		E583727627B822980040A289 /* Charts in Frameworks */ = {isa = PBXBuildFile; productRef = E583727527B822980040A289 /* Charts */; };
		E5E720F427AFCEF0001928F6 /* AppDelegate.swift in Sources */ = {isa = PBXBuildFile; fileRef = E5E720F327AFCEF0001928F6 /* AppDelegate.swift */; };
		E5E720F627AFCEF0001928F6 /* SceneDelegate.swift in Sources */ = {isa = PBXBuildFile; fileRef = E5E720F527AFCEF0001928F6 /* SceneDelegate.swift */; };
		E5E720F827AFCEF0001928F6 /* mainViewController.swift in Sources */ = {isa = PBXBuildFile; fileRef = E5E720F727AFCEF0001928F6 /* mainViewController.swift */; };
		E5E720FD27AFCEF1001928F6 /* Assets.xcassets in Resources */ = {isa = PBXBuildFile; fileRef = E5E720FC27AFCEF1001928F6 /* Assets.xcassets */; };
		E5E7210027AFCEF1001928F6 /* LaunchScreen.storyboard in Resources */ = {isa = PBXBuildFile; fileRef = E5E720FE27AFCEF1001928F6 /* LaunchScreen.storyboard */; };
		E5E7210D27AFFFCC001928F6 /* SnapKit in Frameworks */ = {isa = PBXBuildFile; productRef = E5E7210C27AFFFCC001928F6 /* SnapKit */; };
		E5E7211127B016DE001928F6 /* UserList.json in Resources */ = {isa = PBXBuildFile; fileRef = E5E7211027B016DE001928F6 /* UserList.json */; };
		E5E7211327B0178F001928F6 /* GoogleService-Info.plist in Resources */ = {isa = PBXBuildFile; fileRef = E5E7211227B0178F001928F6 /* GoogleService-Info.plist */; };
		E5E7211627B01954001928F6 /* FirebaseAuth in Frameworks */ = {isa = PBXBuildFile; productRef = E5E7211527B01954001928F6 /* FirebaseAuth */; };
		E5E7211827B01954001928F6 /* FirebaseDatabase in Frameworks */ = {isa = PBXBuildFile; productRef = E5E7211727B01954001928F6 /* FirebaseDatabase */; };
		E5E7211A27B01954001928F6 /* FirebaseFirestore in Frameworks */ = {isa = PBXBuildFile; productRef = E5E7211927B01954001928F6 /* FirebaseFirestore */; };
		E5EB544B27B15ABF0094A68F /* User.swift in Sources */ = {isa = PBXBuildFile; fileRef = E5EB544A27B15ABF0094A68F /* User.swift */; };
/* End PBXBuildFile section */

/* Begin PBXFileReference section */
		E527625C27B91AF900E5E91A /* TabBarController.swift */ = {isa = PBXFileReference; lastKnownFileType = sourcecode.swift; path = TabBarController.swift; sourceTree = "<group>"; };
		E527626027B92B5700E5E91A /* mainView.swift */ = {isa = PBXFileReference; lastKnownFileType = sourcecode.swift; path = mainView.swift; sourceTree = "<group>"; };
		E54AF0ED27B3F191000DEEB9 /* UserListViewController.swift */ = {isa = PBXFileReference; lastKnownFileType = sourcecode.swift; path = UserListViewController.swift; sourceTree = "<group>"; };
		E54AF0EF27B3F29E000DEEB9 /* UserListCell.swift */ = {isa = PBXFileReference; lastKnownFileType = sourcecode.swift; path = UserListCell.swift; sourceTree = "<group>"; };
		E54AF0F727B402A6000DEEB9 /* UserDetailViewController.swift */ = {isa = PBXFileReference; lastKnownFileType = sourcecode.swift; path = UserDetailViewController.swift; sourceTree = "<group>"; };
		E5E720F027AFCEF0001928F6 /* WinnerGenerator.app */ = {isa = PBXFileReference; explicitFileType = wrapper.application; includeInIndex = 0; path = WinnerGenerator.app; sourceTree = BUILT_PRODUCTS_DIR; };
		E5E720F327AFCEF0001928F6 /* AppDelegate.swift */ = {isa = PBXFileReference; lastKnownFileType = sourcecode.swift; path = AppDelegate.swift; sourceTree = "<group>"; };
		E5E720F527AFCEF0001928F6 /* SceneDelegate.swift */ = {isa = PBXFileReference; lastKnownFileType = sourcecode.swift; path = SceneDelegate.swift; sourceTree = "<group>"; };
		E5E720F727AFCEF0001928F6 /* mainViewController.swift */ = {isa = PBXFileReference; lastKnownFileType = sourcecode.swift; path = mainViewController.swift; sourceTree = "<group>"; };
		E5E720FC27AFCEF1001928F6 /* Assets.xcassets */ = {isa = PBXFileReference; lastKnownFileType = folder.assetcatalog; path = Assets.xcassets; sourceTree = "<group>"; };
		E5E720FF27AFCEF1001928F6 /* Base */ = {isa = PBXFileReference; lastKnownFileType = file.storyboard; name = Base; path = Base.lproj/LaunchScreen.storyboard; sourceTree = "<group>"; };
		E5E7210127AFCEF1001928F6 /* Info.plist */ = {isa = PBXFileReference; lastKnownFileType = text.plist.xml; path = Info.plist; sourceTree = "<group>"; };
		E5E7211027B016DE001928F6 /* UserList.json */ = {isa = PBXFileReference; fileEncoding = 4; lastKnownFileType = text.json; path = UserList.json; sourceTree = "<group>"; };
		E5E7211227B0178F001928F6 /* GoogleService-Info.plist */ = {isa = PBXFileReference; fileEncoding = 4; lastKnownFileType = text.plist.xml; path = "GoogleService-Info.plist"; sourceTree = "<group>"; };
		E5EB544A27B15ABF0094A68F /* User.swift */ = {isa = PBXFileReference; lastKnownFileType = sourcecode.swift; path = User.swift; sourceTree = "<group>"; };
/* End PBXFileReference section */

/* Begin PBXFrameworksBuildPhase section */
		E5E720ED27AFCEF0001928F6 /* Frameworks */ = {
			isa = PBXFrameworksBuildPhase;
			buildActionMask = 2147483647;
			files = (
				E5E7211827B01954001928F6 /* FirebaseDatabase in Frameworks */,
				E583727627B822980040A289 /* Charts in Frameworks */,
				E5E7211A27B01954001928F6 /* FirebaseFirestore in Frameworks */,
				E5E7210D27AFFFCC001928F6 /* SnapKit in Frameworks */,
				E5E7211627B01954001928F6 /* FirebaseAuth in Frameworks */,
				E54AF0F527B3FFB1000DEEB9 /* Kingfisher in Frameworks */,
			);
			runOnlyForDeploymentPostprocessing = 0;
		};
/* End PBXFrameworksBuildPhase section */

/* Begin PBXGroup section */
		E527625F27B91B3E00E5E91A /* Scenes */ = {
			isa = PBXGroup;
			children = (
				E527626227B93BCC00E5E91A /* mainView */,
				E527625C27B91AF900E5E91A /* TabBarController.swift */,
				E54AF0F627B3FFCD000DEEB9 /* UserList */,
				E54AF0F927B402B3000DEEB9 /* UserDetailView */,
			);
			path = Scenes;
			sourceTree = "<group>";
		};
		E527626227B93BCC00E5E91A /* mainView */ = {
			isa = PBXGroup;
			children = (
				E5E720F727AFCEF0001928F6 /* mainViewController.swift */,
				E527626027B92B5700E5E91A /* mainView.swift */,
			);
			path = mainView;
			sourceTree = "<group>";
		};
		E54AF0F627B3FFCD000DEEB9 /* UserList */ = {
			isa = PBXGroup;
			children = (
				E54AF0ED27B3F191000DEEB9 /* UserListViewController.swift */,
				E54AF0EF27B3F29E000DEEB9 /* UserListCell.swift */,
			);
			path = UserList;
			sourceTree = "<group>";
		};
		E54AF0F927B402B3000DEEB9 /* UserDetailView */ = {
			isa = PBXGroup;
			children = (
				E54AF0F727B402A6000DEEB9 /* UserDetailViewController.swift */,
			);
			path = UserDetailView;
			sourceTree = "<group>";
		};
		E5E720E727AFCEF0001928F6 = {
			isa = PBXGroup;
			children = (
				E5E720F227AFCEF0001928F6 /* WinnerGenerator */,
				E5E720F127AFCEF0001928F6 /* Products */,
			);
			sourceTree = "<group>";
		};
		E5E720F127AFCEF0001928F6 /* Products */ = {
			isa = PBXGroup;
			children = (
				E5E720F027AFCEF0001928F6 /* WinnerGenerator.app */,
			);
			name = Products;
			sourceTree = "<group>";
		};
		E5E720F227AFCEF0001928F6 /* WinnerGenerator */ = {
			isa = PBXGroup;
			children = (
				E5E720F327AFCEF0001928F6 /* AppDelegate.swift */,
				E5E720F527AFCEF0001928F6 /* SceneDelegate.swift */,
				E5EB544A27B15ABF0094A68F /* User.swift */,
				E527625F27B91B3E00E5E91A /* Scenes */,
				E5E720FC27AFCEF1001928F6 /* Assets.xcassets */,
				E5E720FE27AFCEF1001928F6 /* LaunchScreen.storyboard */,
				E5E7210127AFCEF1001928F6 /* Info.plist */,
				E5E7211227B0178F001928F6 /* GoogleService-Info.plist */,
				E5E7211027B016DE001928F6 /* UserList.json */,
			);
			path = WinnerGenerator;
			sourceTree = "<group>";
		};
/* End PBXGroup section */

/* Begin PBXNativeTarget section */
		E5E720EF27AFCEF0001928F6 /* WinnerGenerator */ = {
			isa = PBXNativeTarget;
			buildConfigurationList = E5E7210427AFCEF1001928F6 /* Build configuration list for PBXNativeTarget "WinnerGenerator" */;
			buildPhases = (
				E5E720EC27AFCEF0001928F6 /* Sources */,
				E5E720ED27AFCEF0001928F6 /* Frameworks */,
				E5E720EE27AFCEF0001928F6 /* Resources */,
			);
			buildRules = (
			);
			dependencies = (
			);
			name = WinnerGenerator;
			packageProductDependencies = (
				E5E7210C27AFFFCC001928F6 /* SnapKit */,
				E5E7211527B01954001928F6 /* FirebaseAuth */,
				E5E7211727B01954001928F6 /* FirebaseDatabase */,
				E5E7211927B01954001928F6 /* FirebaseFirestore */,
				E54AF0F427B3FFB1000DEEB9 /* Kingfisher */,
				E583727527B822980040A289 /* Charts */,
			);
			productName = QuotesGenerator;
			productReference = E5E720F027AFCEF0001928F6 /* WinnerGenerator.app */;
			productType = "com.apple.product-type.application";
		};
/* End PBXNativeTarget section */

/* Begin PBXProject section */
		E5E720E827AFCEF0001928F6 /* Project object */ = {
			isa = PBXProject;
			attributes = {
				BuildIndependentTargetsInParallel = 1;
				LastSwiftUpdateCheck = 1310;
				LastUpgradeCheck = 1310;
				TargetAttributes = {
					E5E720EF27AFCEF0001928F6 = {
						CreatedOnToolsVersion = 13.1;
					};
				};
			};
			buildConfigurationList = E5E720EB27AFCEF0001928F6 /* Build configuration list for PBXProject "WinnerGenerator" */;
			compatibilityVersion = "Xcode 13.0";
			developmentRegion = en;
			hasScannedForEncodings = 0;
			knownRegions = (
				en,
				Base,
			);
			mainGroup = E5E720E727AFCEF0001928F6;
			packageReferences = (
				E5E7210B27AFFFCC001928F6 /* XCRemoteSwiftPackageReference "SnapKit" */,
				E5E7211427B01954001928F6 /* XCRemoteSwiftPackageReference "firebase-ios-sdk" */,
				E54AF0F327B3FFB0000DEEB9 /* XCRemoteSwiftPackageReference "Kingfisher" */,
				E583727427B822980040A289 /* XCRemoteSwiftPackageReference "Charts" */,
			);
			productRefGroup = E5E720F127AFCEF0001928F6 /* Products */;
			projectDirPath = "";
			projectRoot = "";
			targets = (
				E5E720EF27AFCEF0001928F6 /* WinnerGenerator */,
			);
		};
/* End PBXProject section */

/* Begin PBXResourcesBuildPhase section */
		E5E720EE27AFCEF0001928F6 /* Resources */ = {
			isa = PBXResourcesBuildPhase;
			buildActionMask = 2147483647;
			files = (
				E5E7211127B016DE001928F6 /* UserList.json in Resources */,
				E5E7210027AFCEF1001928F6 /* LaunchScreen.storyboard in Resources */,
				E5E7211327B0178F001928F6 /* GoogleService-Info.plist in Resources */,
				E5E720FD27AFCEF1001928F6 /* Assets.xcassets in Resources */,
			);
			runOnlyForDeploymentPostprocessing = 0;
		};
/* End PBXResourcesBuildPhase section */

/* Begin PBXSourcesBuildPhase section */
		E5E720EC27AFCEF0001928F6 /* Sources */ = {
			isa = PBXSourcesBuildPhase;
			buildActionMask = 2147483647;
			files = (
				E527626127B92B5700E5E91A /* mainView.swift in Sources */,
				E54AF0F827B402A6000DEEB9 /* UserDetailViewController.swift in Sources */,
				E527625D27B91AF900E5E91A /* TabBarController.swift in Sources */,
				E54AF0F127B3F29E000DEEB9 /* UserListCell.swift in Sources */,
				E54AF0EE27B3F191000DEEB9 /* UserListViewController.swift in Sources */,
				E5EB544B27B15ABF0094A68F /* User.swift in Sources */,
				E5E720F827AFCEF0001928F6 /* mainViewController.swift in Sources */,
				E5E720F427AFCEF0001928F6 /* AppDelegate.swift in Sources */,
				E5E720F627AFCEF0001928F6 /* SceneDelegate.swift in Sources */,
			);
			runOnlyForDeploymentPostprocessing = 0;
		};
/* End PBXSourcesBuildPhase section */

/* Begin PBXVariantGroup section */
		E5E720FE27AFCEF1001928F6 /* LaunchScreen.storyboard */ = {
			isa = PBXVariantGroup;
			children = (
				E5E720FF27AFCEF1001928F6 /* Base */,
			);
			name = LaunchScreen.storyboard;
			sourceTree = "<group>";
		};
/* End PBXVariantGroup section */

/* Begin XCBuildConfiguration section */
		E5E7210227AFCEF1001928F6 /* Debug */ = {
			isa = XCBuildConfiguration;
			buildSettings = {
				ALWAYS_SEARCH_USER_PATHS = NO;
				CLANG_ANALYZER_NONNULL = YES;
				CLANG_ANALYZER_NUMBER_OBJECT_CONVERSION = YES_AGGRESSIVE;
				CLANG_CXX_LANGUAGE_STANDARD = "gnu++17";
				CLANG_CXX_LIBRARY = "libc++";
				CLANG_ENABLE_MODULES = YES;
				CLANG_ENABLE_OBJC_ARC = YES;
				CLANG_ENABLE_OBJC_WEAK = YES;
				CLANG_WARN_BLOCK_CAPTURE_AUTORELEASING = YES;
				CLANG_WARN_BOOL_CONVERSION = YES;
				CLANG_WARN_COMMA = YES;
				CLANG_WARN_CONSTANT_CONVERSION = YES;
				CLANG_WARN_DEPRECATED_OBJC_IMPLEMENTATIONS = YES;
				CLANG_WARN_DIRECT_OBJC_ISA_USAGE = YES_ERROR;
				CLANG_WARN_DOCUMENTATION_COMMENTS = YES;
				CLANG_WARN_EMPTY_BODY = YES;
				CLANG_WARN_ENUM_CONVERSION = YES;
				CLANG_WARN_INFINITE_RECURSION = YES;
				CLANG_WARN_INT_CONVERSION = YES;
				CLANG_WARN_NON_LITERAL_NULL_CONVERSION = YES;
				CLANG_WARN_OBJC_IMPLICIT_RETAIN_SELF = YES;
				CLANG_WARN_OBJC_LITERAL_CONVERSION = YES;
				CLANG_WARN_OBJC_ROOT_CLASS = YES_ERROR;
				CLANG_WARN_QUOTED_INCLUDE_IN_FRAMEWORK_HEADER = YES;
				CLANG_WARN_RANGE_LOOP_ANALYSIS = YES;
				CLANG_WARN_STRICT_PROTOTYPES = YES;
				CLANG_WARN_SUSPICIOUS_MOVE = YES;
				CLANG_WARN_UNGUARDED_AVAILABILITY = YES_AGGRESSIVE;
				CLANG_WARN_UNREACHABLE_CODE = YES;
				CLANG_WARN__DUPLICATE_METHOD_MATCH = YES;
				COPY_PHASE_STRIP = NO;
				DEBUG_INFORMATION_FORMAT = dwarf;
				ENABLE_STRICT_OBJC_MSGSEND = YES;
				ENABLE_TESTABILITY = YES;
				GCC_C_LANGUAGE_STANDARD = gnu11;
				GCC_DYNAMIC_NO_PIC = NO;
				GCC_NO_COMMON_BLOCKS = YES;
				GCC_OPTIMIZATION_LEVEL = 0;
				GCC_PREPROCESSOR_DEFINITIONS = (
					"DEBUG=1",
					"$(inherited)",
				);
				GCC_WARN_64_TO_32_BIT_CONVERSION = YES;
				GCC_WARN_ABOUT_RETURN_TYPE = YES_ERROR;
				GCC_WARN_UNDECLARED_SELECTOR = YES;
				GCC_WARN_UNINITIALIZED_AUTOS = YES_AGGRESSIVE;
				GCC_WARN_UNUSED_FUNCTION = YES;
				GCC_WARN_UNUSED_VARIABLE = YES;
				IPHONEOS_DEPLOYMENT_TARGET = 15.0;
				MTL_ENABLE_DEBUG_INFO = INCLUDE_SOURCE;
				MTL_FAST_MATH = YES;
				ONLY_ACTIVE_ARCH = YES;
				SDKROOT = iphoneos;
				SWIFT_ACTIVE_COMPILATION_CONDITIONS = DEBUG;
				SWIFT_OPTIMIZATION_LEVEL = "-Onone";
			};
			name = Debug;
		};
		E5E7210327AFCEF1001928F6 /* Release */ = {
			isa = XCBuildConfiguration;
			buildSettings = {
				ALWAYS_SEARCH_USER_PATHS = NO;
				CLANG_ANALYZER_NONNULL = YES;
				CLANG_ANALYZER_NUMBER_OBJECT_CONVERSION = YES_AGGRESSIVE;
				CLANG_CXX_LANGUAGE_STANDARD = "gnu++17";
				CLANG_CXX_LIBRARY = "libc++";
				CLANG_ENABLE_MODULES = YES;
				CLANG_ENABLE_OBJC_ARC = YES;
				CLANG_ENABLE_OBJC_WEAK = YES;
				CLANG_WARN_BLOCK_CAPTURE_AUTORELEASING = YES;
				CLANG_WARN_BOOL_CONVERSION = YES;
				CLANG_WARN_COMMA = YES;
				CLANG_WARN_CONSTANT_CONVERSION = YES;
				CLANG_WARN_DEPRECATED_OBJC_IMPLEMENTATIONS = YES;
				CLANG_WARN_DIRECT_OBJC_ISA_USAGE = YES_ERROR;
				CLANG_WARN_DOCUMENTATION_COMMENTS = YES;
				CLANG_WARN_EMPTY_BODY = YES;
				CLANG_WARN_ENUM_CONVERSION = YES;
				CLANG_WARN_INFINITE_RECURSION = YES;
				CLANG_WARN_INT_CONVERSION = YES;
				CLANG_WARN_NON_LITERAL_NULL_CONVERSION = YES;
				CLANG_WARN_OBJC_IMPLICIT_RETAIN_SELF = YES;
				CLANG_WARN_OBJC_LITERAL_CONVERSION = YES;
				CLANG_WARN_OBJC_ROOT_CLASS = YES_ERROR;
				CLANG_WARN_QUOTED_INCLUDE_IN_FRAMEWORK_HEADER = YES;
				CLANG_WARN_RANGE_LOOP_ANALYSIS = YES;
				CLANG_WARN_STRICT_PROTOTYPES = YES;
				CLANG_WARN_SUSPICIOUS_MOVE = YES;
				CLANG_WARN_UNGUARDED_AVAILABILITY = YES_AGGRESSIVE;
				CLANG_WARN_UNREACHABLE_CODE = YES;
				CLANG_WARN__DUPLICATE_METHOD_MATCH = YES;
				COPY_PHASE_STRIP = NO;
				DEBUG_INFORMATION_FORMAT = "dwarf-with-dsym";
				ENABLE_NS_ASSERTIONS = NO;
				ENABLE_STRICT_OBJC_MSGSEND = YES;
				GCC_C_LANGUAGE_STANDARD = gnu11;
				GCC_NO_COMMON_BLOCKS = YES;
				GCC_WARN_64_TO_32_BIT_CONVERSION = YES;
				GCC_WARN_ABOUT_RETURN_TYPE = YES_ERROR;
				GCC_WARN_UNDECLARED_SELECTOR = YES;
				GCC_WARN_UNINITIALIZED_AUTOS = YES_AGGRESSIVE;
				GCC_WARN_UNUSED_FUNCTION = YES;
				GCC_WARN_UNUSED_VARIABLE = YES;
				IPHONEOS_DEPLOYMENT_TARGET = 15.0;
				MTL_ENABLE_DEBUG_INFO = NO;
				MTL_FAST_MATH = YES;
				SDKROOT = iphoneos;
				SWIFT_COMPILATION_MODE = wholemodule;
				SWIFT_OPTIMIZATION_LEVEL = "-O";
				VALIDATE_PRODUCT = YES;
			};
			name = Release;
		};
		E5E7210527AFCEF1001928F6 /* Debug */ = {
			isa = XCBuildConfiguration;
			buildSettings = {
				ASSETCATALOG_COMPILER_APPICON_NAME = AppIcon;
				ASSETCATALOG_COMPILER_GLOBAL_ACCENT_COLOR_NAME = AccentColor;
				CODE_SIGN_STYLE = Automatic;
				CURRENT_PROJECT_VERSION = 1;
				DEVELOPMENT_TEAM = 5WQ6FF85SW;
				GENERATE_INFOPLIST_FILE = YES;
				INFOPLIST_FILE = WinnerGenerator/Info.plist;
				INFOPLIST_KEY_UIApplicationSupportsIndirectInputEvents = YES;
				INFOPLIST_KEY_UILaunchStoryboardName = LaunchScreen;
				INFOPLIST_KEY_UIMainStoryboardFile = "";
				INFOPLIST_KEY_UISupportedInterfaceOrientations_iPad = "UIInterfaceOrientationPortrait UIInterfaceOrientationPortraitUpsideDown UIInterfaceOrientationLandscapeLeft UIInterfaceOrientationLandscapeRight";
				INFOPLIST_KEY_UISupportedInterfaceOrientations_iPhone = "UIInterfaceOrientationPortrait UIInterfaceOrientationLandscapeLeft UIInterfaceOrientationLandscapeRight";
				LD_RUNPATH_SEARCH_PATHS = (
					"$(inherited)",
					"@executable_path/Frameworks",
				);
				MARKETING_VERSION = 1.0;
				PRODUCT_BUNDLE_IDENTIFIER = "aeron-kim.WinnerGenerator";
				PRODUCT_NAME = "$(TARGET_NAME)";
				SWIFT_EMIT_LOC_STRINGS = YES;
				SWIFT_VERSION = 5.0;
				TARGETED_DEVICE_FAMILY = 1;
			};
			name = Debug;
		};
		E5E7210627AFCEF1001928F6 /* Release */ = {
			isa = XCBuildConfiguration;
			buildSettings = {
				ASSETCATALOG_COMPILER_APPICON_NAME = AppIcon;
				ASSETCATALOG_COMPILER_GLOBAL_ACCENT_COLOR_NAME = AccentColor;
				CODE_SIGN_STYLE = Automatic;
				CURRENT_PROJECT_VERSION = 1;
				DEVELOPMENT_TEAM = 5WQ6FF85SW;
				GENERATE_INFOPLIST_FILE = YES;
				INFOPLIST_FILE = WinnerGenerator/Info.plist;
				INFOPLIST_KEY_UIApplicationSupportsIndirectInputEvents = YES;
				INFOPLIST_KEY_UILaunchStoryboardName = LaunchScreen;
				INFOPLIST_KEY_UIMainStoryboardFile = "";
				INFOPLIST_KEY_UISupportedInterfaceOrientations_iPad = "UIInterfaceOrientationPortrait UIInterfaceOrientationPortraitUpsideDown UIInterfaceOrientationLandscapeLeft UIInterfaceOrientationLandscapeRight";
				INFOPLIST_KEY_UISupportedInterfaceOrientations_iPhone = "UIInterfaceOrientationPortrait UIInterfaceOrientationLandscapeLeft UIInterfaceOrientationLandscapeRight";
				LD_RUNPATH_SEARCH_PATHS = (
					"$(inherited)",
					"@executable_path/Frameworks",
				);
				MARKETING_VERSION = 1.0;
				PRODUCT_BUNDLE_IDENTIFIER = "aeron-kim.WinnerGenerator";
				PRODUCT_NAME = "$(TARGET_NAME)";
				SWIFT_EMIT_LOC_STRINGS = YES;
				SWIFT_VERSION = 5.0;
				TARGETED_DEVICE_FAMILY = 1;
			};
			name = Release;
		};
/* End XCBuildConfiguration section */

/* Begin XCConfigurationList section */
		E5E720EB27AFCEF0001928F6 /* Build configuration list for PBXProject "WinnerGenerator" */ = {
			isa = XCConfigurationList;
			buildConfigurations = (
				E5E7210227AFCEF1001928F6 /* Debug */,
				E5E7210327AFCEF1001928F6 /* Release */,
			);
			defaultConfigurationIsVisible = 0;
			defaultConfigurationName = Release;
		};
		E5E7210427AFCEF1001928F6 /* Build configuration list for PBXNativeTarget "WinnerGenerator" */ = {
			isa = XCConfigurationList;
			buildConfigurations = (
				E5E7210527AFCEF1001928F6 /* Debug */,
				E5E7210627AFCEF1001928F6 /* Release */,
			);
			defaultConfigurationIsVisible = 0;
			defaultConfigurationName = Release;
		};
/* End XCConfigurationList section */

/* Begin XCRemoteSwiftPackageReference section */
		E54AF0F327B3FFB0000DEEB9 /* XCRemoteSwiftPackageReference "Kingfisher" */ = {
			isa = XCRemoteSwiftPackageReference;
			repositoryURL = "https://github.com/onevcat/Kingfisher.git";
			requirement = {
				branch = master;
				kind = branch;
			};
		};
		E583727427B822980040A289 /* XCRemoteSwiftPackageReference "Charts" */ = {
			isa = XCRemoteSwiftPackageReference;
			repositoryURL = "https://github.com/danielgindi/Charts.git";
			requirement = {
				kind = upToNextMajorVersion;
				minimumVersion = 4.0.0;
			};
		};
		E5E7210B27AFFFCC001928F6 /* XCRemoteSwiftPackageReference "SnapKit" */ = {
			isa = XCRemoteSwiftPackageReference;
			repositoryURL = "https://github.com/SnapKit/SnapKit.git";
			requirement = {
				branch = develop;
				kind = branch;
			};
		};
		E5E7211427B01954001928F6 /* XCRemoteSwiftPackageReference "firebase-ios-sdk" */ = {
			isa = XCRemoteSwiftPackageReference;
			repositoryURL = "https://github.com/firebase/firebase-ios-sdk";
			requirement = {
				kind = upToNextMajorVersion;
				minimumVersion = 8.0.0;
			};
		};
/* End XCRemoteSwiftPackageReference section */

/* Begin XCSwiftPackageProductDependency section */
		E54AF0F427B3FFB1000DEEB9 /* Kingfisher */ = {
			isa = XCSwiftPackageProductDependency;
			package = E54AF0F327B3FFB0000DEEB9 /* XCRemoteSwiftPackageReference "Kingfisher" */;
			productName = Kingfisher;
		};
		E583727527B822980040A289 /* Charts */ = {
			isa = XCSwiftPackageProductDependency;
			package = E583727427B822980040A289 /* XCRemoteSwiftPackageReference "Charts" */;
			productName = Charts;
		};
		E5E7210C27AFFFCC001928F6 /* SnapKit */ = {
			isa = XCSwiftPackageProductDependency;
			package = E5E7210B27AFFFCC001928F6 /* XCRemoteSwiftPackageReference "SnapKit" */;
			productName = SnapKit;
		};
		E5E7211527B01954001928F6 /* FirebaseAuth */ = {
			isa = XCSwiftPackageProductDependency;
			package = E5E7211427B01954001928F6 /* XCRemoteSwiftPackageReference "firebase-ios-sdk" */;
			productName = FirebaseAuth;
		};
		E5E7211727B01954001928F6 /* FirebaseDatabase */ = {
			isa = XCSwiftPackageProductDependency;
			package = E5E7211427B01954001928F6 /* XCRemoteSwiftPackageReference "firebase-ios-sdk" */;
			productName = FirebaseDatabase;
		};
		E5E7211927B01954001928F6 /* FirebaseFirestore */ = {
			isa = XCSwiftPackageProductDependency;
			package = E5E7211427B01954001928F6 /* XCRemoteSwiftPackageReference "firebase-ios-sdk" */;
			productName = FirebaseFirestore;
		};
/* End XCSwiftPackageProductDependency section */
	};
	rootObject = E5E720E827AFCEF0001928F6 /* Project object */;
}
